{
    "_readme": [
        "This file locks the dependencies of your project to a known state",
        "Read more about it at https://getcomposer.org/doc/01-basic-usage.md#installing-dependencies",
        "This file is @generated automatically"
    ],
    "content-hash": "17c34f6b29401260a36ed36da73dab55",
    "packages": [
        {
            "name": "asset/uv",
            "version": "3.1.1",
            "dist": {
                "type": "zip",
                "url": "https://github.com/Daniel-KM/UniversalViewer/releases/download/3.1.1/uv.zip"
            },
            "type": "library"
        },
        {
            "name": "slowprog/composer-copy-file",
            "version": "0.3.3",
            "source": {
                "type": "git",
                "url": "https://github.com/slowprog/CopyFile.git",
                "reference": "b02d55f7587577f29d355f0ce7b697f66dffc0af"
            },
            "dist": {
                "type": "zip",
                "url": "https://api.github.com/repos/slowprog/CopyFile/zipball/b02d55f7587577f29d355f0ce7b697f66dffc0af",
                "reference": "b02d55f7587577f29d355f0ce7b697f66dffc0af",
                "shasum": ""
            },
            "require": {
                "php": ">=5.6"
            },
            "require-dev": {
                "composer/composer": "1.0.*@dev",
                "mikey179/vfsstream": "~1",
                "php-mock/php-mock-phpunit": "~1",
                "phpunit/phpunit": "5.7.27",
                "symfony/filesystem": "~2.7",
                "symfony/finder": "~2.7"
            },
            "type": "library",
            "autoload": {
                "psr-4": {
                    "SlowProg\\CopyFile\\": ""
                }
            },
            "notification-url": "https://packagist.org/downloads/",
            "license": [
                "MIT"
            ],
            "authors": [
                {
                    "name": "Andrey Tyshev",
                    "email": "slowprog@gmail.com"
                }
            ],
            "description": "Composer script copying your files after install",
            "homepage": "https://github.com/SlowProg/composer-copy-file",
            "keywords": [
                "copy file"
            ],
            "time": "2020-07-02T14:44:41+00:00"
        }
    ],
    "packages-dev": [
        {
            "name": "biblibre/omeka-s-test-helper",
            "version": "dev-master",
            "source": {
                "type": "git",
                "url": "https://github.com/biblibre/omeka-s-test-helper.git",
                "reference": "a02c8dc4259365f7de1d09626a97347ba19cbf6e"
            },
            "dist": {
                "type": "zip",
                "url": "https://api.github.com/repos/biblibre/omeka-s-test-helper/zipball/a02c8dc4259365f7de1d09626a97347ba19cbf6e",
                "reference": "a02c8dc4259365f7de1d09626a97347ba19cbf6e",
                "shasum": ""
            },
            "require": {
                "php": ">=5.5.0"
            },
            "type": "library",
            "autoload": {
                "psr-4": {
                    "OmekaTestHelper\\": "src/"
                }
            },
            "notification-url": "https://packagist.org/downloads/",
            "license": [
                "MIT"
            ],
            "description": "Test helpers for Omeka S",
            "homepage": "https://github.com/biblibre/omeka-s-test-helper",
            "keywords": [
                "omeka",
                "test"
            ],
            "time": "2016-09-22T16:40:26+00:00"
        }
    ],
    "aliases": [],
    "minimum-stability": "stable",
    "stability-flags": {
        "biblibre/omeka-s-test-helper": 20
    },
    "prefer-stable": false,
    "prefer-lowest": false,
    "platform": [],
    "platform-dev": [],
    "plugin-api-version": "1.1.0"
}
